
Microsoft Visual Studio Solution File, Format Version 12.00
# Visual Studio Version 17
VisualStudioVersion = 17.11.35312.102
MinimumVisualStudioVersion = 10.0.40219.1
Project("{FAE04EC0-301F-11D3-BF4B-00C04F79EFBC}") = "pi", "pi\pi.csproj", "{ADADAB2B-112D-47F1-9A4B-106824182676}"
EndProject
Global
	GlobalSection(SolutionConfigurationPlatforms) = preSolution
		Debug|Any CPU = Debug|Any CPU
		Release|Any CPU = Release|Any CPU
	EndGlobalSection
	GlobalSection(ProjectConfigurationPlatforms) = postSolution
		{ADADAB2B-112D-47F1-9A4B-106824182676}.Debug|Any CPU.ActiveCfg = Debug|Any CPU
		{ADADAB2B-112D-47F1-9A4B-106824182676}.Debug|Any CPU.Build.0 = Debug|Any CPU
		{ADADAB2B-112D-47F1-9A4B-106824182676}.Release|Any CPU.ActiveCfg = Release|Any CPU
		{ADADAB2B-112D-47F1-9A4B-106824182676}.Release|Any CPU.Build.0 = Release|Any CPU
	EndGlobalSection
	GlobalSection(SolutionProperties) = preSolution
		HideSolutionNode = FALSE
	EndGlobalSection
	GlobalSection(ExtensibilityGlobals) = postSolution
		SolutionGuid = {A3A4E73B-0FCB-44A6-B6AD-ECB6AC03B472}
	EndGlobalSection
EndGlobal
